
Microsoft Visual Studio Solution File, Format Version 12.00
# Visual Studio Version 17
VisualStudioVersion = 17.8.34309.116
MinimumVisualStudioVersion = 10.0.40219.1
Project("{8BC9CEB8-8B4A-11D0-8D11-00A0C91BC942}") = "sge", "sge.vcxproj", "{9B3671A8-8112-46B6-A92E-993A45349053}"
EndProject
Global
	GlobalSection(SolutionConfigurationPlatforms) = preSolution
		Debug|x64 = Debug|x64
		Debug|x86 = Debug|x86
		Release|x64 = Release|x64
		Release|x86 = Release|x86
	EndGlobalSection
	GlobalSection(ProjectConfigurationPlatforms) = postSolution
		{9B3671A8-8112-46B6-A92E-993A45349053}.Debug|x64.ActiveCfg = Debug|x64
		{9B3671A8-8112-46B6-A92E-993A45349053}.Debug|x64.Build.0 = Debug|x64
		{9B3671A8-8112-46B6-A92E-993A45349053}.Debug|x86.ActiveCfg = Debug|Win32
		{9B3671A8-8112-46B6-A92E-993A45349053}.Debug|x86.Build.0 = Debug|Win32
		{9B3671A8-8112-46B6-A92E-993A45349053}.Release|x64.ActiveCfg = Release|x64
		{9B3671A8-8112-46B6-A92E-993A45349053}.Release|x64.Build.0 = Release|x64
		{9B3671A8-8112-46B6-A92E-993A45349053}.Release|x86.ActiveCfg = Release|Win32
		{9B3671A8-8112-46B6-A92E-993A45349053}.Release|x86.Build.0 = Release|Win32
	EndGlobalSection
	GlobalSection(SolutionProperties) = preSolution
		HideSolutionNode = FALSE
	EndGlobalSection
	GlobalSection(ExtensibilityGlobals) = postSolution
		SolutionGuid = {E78B357A-8A0E-4DBA-8EA5-BE4090583E82}
	EndGlobalSection
EndGlobal
